
Microsoft Visual Studio Solution File, Format Version 12.00
# Visual Studio 14
VisualStudioVersion = 14.0.25420.1
MinimumVisualStudioVersion = 10.0.40219.1
Project("{FAE04EC0-301F-11D3-BF4B-00C04F79EFBC}") = "WCF_SimulacionPagos", "WCF_SimulacionPagos\WCF_SimulacionPagos.csproj", "{4A9BECF5-BD2F-4FCA-91A8-CF63D85D3DAA}"
EndProject
Project("{FAE04EC0-301F-11D3-BF4B-00C04F79EFBC}") = "WCF_Simulacion_Test", "WCF_Simulacion_Test\WCF_Simulacion_Test.csproj", "{71F4BED0-79EE-494D-AB68-E657F6EF9D3B}"
EndProject
Global
	GlobalSection(SolutionConfigurationPlatforms) = preSolution
		Debug|Any CPU = Debug|Any CPU
		Release|Any CPU = Release|Any CPU
	EndGlobalSection
	GlobalSection(ProjectConfigurationPlatforms) = postSolution
		{4A9BECF5-BD2F-4FCA-91A8-CF63D85D3DAA}.Debug|Any CPU.ActiveCfg = Debug|Any CPU
		{4A9BECF5-BD2F-4FCA-91A8-CF63D85D3DAA}.Debug|Any CPU.Build.0 = Debug|Any CPU
		{4A9BECF5-BD2F-4FCA-91A8-CF63D85D3DAA}.Release|Any CPU.ActiveCfg = Release|Any CPU
		{4A9BECF5-BD2F-4FCA-91A8-CF63D85D3DAA}.Release|Any CPU.Build.0 = Release|Any CPU
		{71F4BED0-79EE-494D-AB68-E657F6EF9D3B}.Debug|Any CPU.ActiveCfg = Debug|Any CPU
		{71F4BED0-79EE-494D-AB68-E657F6EF9D3B}.Debug|Any CPU.Build.0 = Debug|Any CPU
		{71F4BED0-79EE-494D-AB68-E657F6EF9D3B}.Release|Any CPU.ActiveCfg = Release|Any CPU
		{71F4BED0-79EE-494D-AB68-E657F6EF9D3B}.Release|Any CPU.Build.0 = Release|Any CPU
	EndGlobalSection
	GlobalSection(SolutionProperties) = preSolution
		HideSolutionNode = FALSE
	EndGlobalSection
EndGlobal
